
Microsoft Visual Studio Solution File, Format Version 12.00
# Visual Studio Version 16
VisualStudioVersion = 16.0.32602.291
MinimumVisualStudioVersion = 10.0.40219.1
Project("{FAE04EC0-301F-11D3-BF4B-00C04F79EFBC}") = "Tekla_Model-Create_Tekla_Model", "CreateModuel\Tekla_Model-Create_Tekla_Model.csproj", "{A073F518-1013-4A07-9F37-6DE6C35A93DE}"
EndProject
Project("{54435603-DBB4-11D2-8724-00A0C9A8B90C}") = "CreateTeklaModelSetup", "CreateModuelSetup\CreateModuelSetup.vdproj", "{6A3D9CE3-4C7B-424A-9303-9B1D443CC40F}"
EndProject
Global
	GlobalSection(SolutionConfigurationPlatforms) = preSolution
		Debug|Any CPU = Debug|Any CPU
		Release|Any CPU = Release|Any CPU
	EndGlobalSection
	GlobalSection(ProjectConfigurationPlatforms) = postSolution
		{A073F518-1013-4A07-9F37-6DE6C35A93DE}.Debug|Any CPU.ActiveCfg = Debug|Any CPU
		{A073F518-1013-4A07-9F37-6DE6C35A93DE}.Debug|Any CPU.Build.0 = Debug|Any CPU
		{A073F518-1013-4A07-9F37-6DE6C35A93DE}.Release|Any CPU.ActiveCfg = Release|Any CPU
		{A073F518-1013-4A07-9F37-6DE6C35A93DE}.Release|Any CPU.Build.0 = Release|Any CPU
		{6A3D9CE3-4C7B-424A-9303-9B1D443CC40F}.Debug|Any CPU.ActiveCfg = Debug
		{6A3D9CE3-4C7B-424A-9303-9B1D443CC40F}.Debug|Any CPU.Build.0 = Debug
		{6A3D9CE3-4C7B-424A-9303-9B1D443CC40F}.Release|Any CPU.ActiveCfg = Release
	EndGlobalSection
	GlobalSection(SolutionProperties) = preSolution
		HideSolutionNode = FALSE
	EndGlobalSection
	GlobalSection(ExtensibilityGlobals) = postSolution
		SolutionGuid = {5E285BB9-C47E-4A7D-878A-E94AD0CE8BD7}
	EndGlobalSection
EndGlobal
